
Microsoft Visual Studio Solution File, Format Version 12.00
# Visual Studio Version 16
VisualStudioVersion = 16.0.30503.244
MinimumVisualStudioVersion = 10.0.40219.1
Project("{FAE04EC0-301F-11D3-BF4B-00C04F79EFBC}") = "RIFE-APP", "RIFE-APP\RIFE-APP.csproj", "{FA25913D-7F62-4F2D-991B-F609B77D081D}"
EndProject
Global
	GlobalSection(SolutionConfigurationPlatforms) = preSolution
		Debug|Any CPU = Debug|Any CPU
		Release|Any CPU = Release|Any CPU
	EndGlobalSection
	GlobalSection(ProjectConfigurationPlatforms) = postSolution
		{FA25913D-7F62-4F2D-991B-F609B77D081D}.Debug|Any CPU.ActiveCfg = Debug|Any CPU
		{FA25913D-7F62-4F2D-991B-F609B77D081D}.Debug|Any CPU.Build.0 = Debug|Any CPU
		{FA25913D-7F62-4F2D-991B-F609B77D081D}.Release|Any CPU.ActiveCfg = Release|Any CPU
		{FA25913D-7F62-4F2D-991B-F609B77D081D}.Release|Any CPU.Build.0 = Release|Any CPU
	EndGlobalSection
	GlobalSection(SolutionProperties) = preSolution
		HideSolutionNode = FALSE
	EndGlobalSection
	GlobalSection(ExtensibilityGlobals) = postSolution
		SolutionGuid = {AEC90A7D-180C-4143-AEC4-3F4D2023F19C}
	EndGlobalSection
EndGlobal
