
Microsoft Visual Studio Solution File, Format Version 12.00
# Visual Studio Version 16
VisualStudioVersion = 16.0.30503.244
MinimumVisualStudioVersion = 10.0.40219.1
Project("{FAE04EC0-301F-11D3-BF4B-00C04F79EFBC}") = "RIFEConsole", "RIFEConsole\RIFEConsole.csproj", "{D91C113E-40DC-48F7-8531-7A29D5EE158F}"
EndProject
Global
	GlobalSection(SolutionConfigurationPlatforms) = preSolution
		Debug|Any CPU = Debug|Any CPU
		Release|Any CPU = Release|Any CPU
	EndGlobalSection
	GlobalSection(ProjectConfigurationPlatforms) = postSolution
		{D91C113E-40DC-48F7-8531-7A29D5EE158F}.Debug|Any CPU.ActiveCfg = Debug|Any CPU
		{D91C113E-40DC-48F7-8531-7A29D5EE158F}.Debug|Any CPU.Build.0 = Debug|Any CPU
		{D91C113E-40DC-48F7-8531-7A29D5EE158F}.Release|Any CPU.ActiveCfg = Release|Any CPU
		{D91C113E-40DC-48F7-8531-7A29D5EE158F}.Release|Any CPU.Build.0 = Release|Any CPU
	EndGlobalSection
	GlobalSection(SolutionProperties) = preSolution
		HideSolutionNode = FALSE
	EndGlobalSection
	GlobalSection(ExtensibilityGlobals) = postSolution
		SolutionGuid = {2B9A9181-4B3A-44E6-B21C-B876575AFC57}
	EndGlobalSection
EndGlobal
